
Microsoft Visual Studio Solution File, Format Version 12.00
# Visual Studio Version 16
VisualStudioVersion = 16.0.31205.134
MinimumVisualStudioVersion = 10.0.40219.1
Project("{FAE04EC0-301F-11D3-BF4B-00C04F79EFBC}") = "0702_Cshape01", "0702_Cshape01\0702_Cshape01.csproj", "{2D3C4E06-5F54-400D-840D-49C4646FEFD5}"
EndProject
Global
	GlobalSection(SolutionConfigurationPlatforms) = preSolution
		Debug|Any CPU = Debug|Any CPU
		Release|Any CPU = Release|Any CPU
	EndGlobalSection
	GlobalSection(ProjectConfigurationPlatforms) = postSolution
		{2D3C4E06-5F54-400D-840D-49C4646FEFD5}.Debug|Any CPU.ActiveCfg = Debug|Any CPU
		{2D3C4E06-5F54-400D-840D-49C4646FEFD5}.Debug|Any CPU.Build.0 = Debug|Any CPU
		{2D3C4E06-5F54-400D-840D-49C4646FEFD5}.Release|Any CPU.ActiveCfg = Release|Any CPU
		{2D3C4E06-5F54-400D-840D-49C4646FEFD5}.Release|Any CPU.Build.0 = Release|Any CPU
	EndGlobalSection
	GlobalSection(SolutionProperties) = preSolution
		HideSolutionNode = FALSE
	EndGlobalSection
	GlobalSection(ExtensibilityGlobals) = postSolution
		SolutionGuid = {640D43EB-9679-40C2-80D3-75482C935EA5}
	EndGlobalSection
EndGlobal
