
Microsoft Visual Studio Solution File, Format Version 12.00
# Visual Studio Version 16
VisualStudioVersion = 16.0.31205.134
MinimumVisualStudioVersion = 10.0.40219.1
Project("{FAE04EC0-301F-11D3-BF4B-00C04F79EFBC}") = "0701_Cshape02", "0701_Cshape02\0701_Cshape02.csproj", "{7EFFFD0D-A757-43B1-8724-A3DEBD77C7D2}"
EndProject
Global
	GlobalSection(SolutionConfigurationPlatforms) = preSolution
		Debug|Any CPU = Debug|Any CPU
		Release|Any CPU = Release|Any CPU
	EndGlobalSection
	GlobalSection(ProjectConfigurationPlatforms) = postSolution
		{7EFFFD0D-A757-43B1-8724-A3DEBD77C7D2}.Debug|Any CPU.ActiveCfg = Debug|Any CPU
		{7EFFFD0D-A757-43B1-8724-A3DEBD77C7D2}.Debug|Any CPU.Build.0 = Debug|Any CPU
		{7EFFFD0D-A757-43B1-8724-A3DEBD77C7D2}.Release|Any CPU.ActiveCfg = Release|Any CPU
		{7EFFFD0D-A757-43B1-8724-A3DEBD77C7D2}.Release|Any CPU.Build.0 = Release|Any CPU
	EndGlobalSection
	GlobalSection(SolutionProperties) = preSolution
		HideSolutionNode = FALSE
	EndGlobalSection
	GlobalSection(ExtensibilityGlobals) = postSolution
		SolutionGuid = {DFE63B09-98E4-4AAB-ADF7-653A49840BDF}
	EndGlobalSection
EndGlobal
